
Microsoft Visual Studio Solution File, Format Version 12.00
# Visual Studio Version 17
VisualStudioVersion = 17.14.36203.30 d17.14
MinimumVisualStudioVersion = 10.0.40219.1
Project("{FAE04EC0-301F-11D3-BF4B-00C04F79EFBC}") = "AiAgent", "AiAgent.csproj", "{D0261E6E-CA1B-4416-87CA-DA7DB23BD93C}"
EndProject
Global
	GlobalSection(SolutionConfigurationPlatforms) = preSolution
		Debug|Any CPU = Debug|Any CPU
		Release|Any CPU = Release|Any CPU
	EndGlobalSection
	GlobalSection(ProjectConfigurationPlatforms) = postSolution
		{D0261E6E-CA1B-4416-87CA-DA7DB23BD93C}.Debug|Any CPU.ActiveCfg = Debug|Any CPU
		{D0261E6E-CA1B-4416-87CA-DA7DB23BD93C}.Debug|Any CPU.Build.0 = Debug|Any CPU
		{D0261E6E-CA1B-4416-87CA-DA7DB23BD93C}.Release|Any CPU.ActiveCfg = Release|Any CPU
		{D0261E6E-CA1B-4416-87CA-DA7DB23BD93C}.Release|Any CPU.Build.0 = Release|Any CPU
	EndGlobalSection
	GlobalSection(SolutionProperties) = preSolution
		HideSolutionNode = FALSE
	EndGlobalSection
	GlobalSection(ExtensibilityGlobals) = postSolution
		SolutionGuid = {381268DC-198E-45BA-B3C4-38C644F292E9}
	EndGlobalSection
EndGlobal
